
Microsoft Visual Studio Solution File, Format Version 12.00
# Visual Studio Version 17
VisualStudioVersion = 17.0.32112.339
MinimumVisualStudioVersion = 10.0.40219.1
Project("{8BC9CEB8-8B4A-11D0-8D11-00A0C91BC942}") = "MultiThreads", "MultiThreads\MultiThreads.vcxproj", "{345AD0CF-3FAC-49D0-9E8C-C7F0CCE33F96}"
EndProject
Global
	GlobalSection(SolutionConfigurationPlatforms) = preSolution
		Debug|x64 = Debug|x64
		Debug|x86 = Debug|x86
		Release|x64 = Release|x64
		Release|x86 = Release|x86
	EndGlobalSection
	GlobalSection(ProjectConfigurationPlatforms) = postSolution
		{345AD0CF-3FAC-49D0-9E8C-C7F0CCE33F96}.Debug|x64.ActiveCfg = Debug|x64
		{345AD0CF-3FAC-49D0-9E8C-C7F0CCE33F96}.Debug|x64.Build.0 = Debug|x64
		{345AD0CF-3FAC-49D0-9E8C-C7F0CCE33F96}.Debug|x86.ActiveCfg = Debug|Win32
		{345AD0CF-3FAC-49D0-9E8C-C7F0CCE33F96}.Debug|x86.Build.0 = Debug|Win32
		{345AD0CF-3FAC-49D0-9E8C-C7F0CCE33F96}.Release|x64.ActiveCfg = Release|x64
		{345AD0CF-3FAC-49D0-9E8C-C7F0CCE33F96}.Release|x64.Build.0 = Release|x64
		{345AD0CF-3FAC-49D0-9E8C-C7F0CCE33F96}.Release|x86.ActiveCfg = Release|Win32
		{345AD0CF-3FAC-49D0-9E8C-C7F0CCE33F96}.Release|x86.Build.0 = Release|Win32
	EndGlobalSection
	GlobalSection(SolutionProperties) = preSolution
		HideSolutionNode = FALSE
	EndGlobalSection
	GlobalSection(ExtensibilityGlobals) = postSolution
		SolutionGuid = {4DE3AB5F-9AB2-4155-879B-84CB652F1447}
	EndGlobalSection
EndGlobal
